
Microsoft Visual Studio Solution File, Format Version 12.00
# Visual Studio Version 17
VisualStudioVersion = 17.7.34018.315
MinimumVisualStudioVersion = 10.0.40219.1
Project("{FAE04EC0-301F-11D3-BF4B-00C04F79EFBC}") = "WhatsYourName", "WhatsYourName.csproj", "{FD3C5E21-4E15-4ED2-A410-2CFF4800CA53}"
EndProject
Global
	GlobalSection(SolutionConfigurationPlatforms) = preSolution
		Debug|Any CPU = Debug|Any CPU
		Release|Any CPU = Release|Any CPU
	EndGlobalSection
	GlobalSection(ProjectConfigurationPlatforms) = postSolution
		{FD3C5E21-4E15-4ED2-A410-2CFF4800CA53}.Debug|Any CPU.ActiveCfg = Debug|Any CPU
		{FD3C5E21-4E15-4ED2-A410-2CFF4800CA53}.Debug|Any CPU.Build.0 = Debug|Any CPU
		{FD3C5E21-4E15-4ED2-A410-2CFF4800CA53}.Release|Any CPU.ActiveCfg = Release|Any CPU
		{FD3C5E21-4E15-4ED2-A410-2CFF4800CA53}.Release|Any CPU.Build.0 = Release|Any CPU
	EndGlobalSection
	GlobalSection(SolutionProperties) = preSolution
		HideSolutionNode = FALSE
	EndGlobalSection
	GlobalSection(ExtensibilityGlobals) = postSolution
		SolutionGuid = {489BE356-3202-428A-8FEA-FF7AC5566297}
	EndGlobalSection
EndGlobal
